<Solution>
  <Project Path="1-funcion_suma/1-funcion_suma.csproj" />
  <Project Path="2- Cuadrado de un numero/2- Cuadrado de un numero.csproj" Id="761d56dc-5a34-46c0-9e27-33e839b702d2" />
  <Project Path="3-devolver doble/3-devolver doble.csproj" Id="59b6cb1c-765f-44f6-84a0-c4bddbd4181d" />
  <Project Path="4-area circulo/4-area circulo.csproj" Id="fa202767-b33e-4de8-b3bf-5366d1819b26" />
</Solution>
